{
    "_meta": {
        "hash": {
            "sha256": "f360b583a70a554a3f25ccbd535927337fa9f5de5a3c4ecc7eb7525786bda9dc"
        },
        "pipfile-spec": 6,
        "requires": {
            "python_version": "3.7"
        },
        "sources": [
            {
                "name": "pypi",
                "url": "https://pypi.tuna.tsinghua.edu.cn/simple",
                "verify_ssl": true
            }
        ]
    },
    "default": {
        "kademlia": {
            "hashes": [
                "sha256:2aef9b11af12fc1cf1d47ac929e349a70a15d2202a61f755720fa5e47d69a16f",
                "sha256:c28ae87e8f04cee15e06e85d83213b0d924ed4e60da0fb7b3c468df8619c6299"
            ],
            "index": "pypi",
            "version": "==2.2"
        },
        "msgpack": {
            "hashes": [
                "sha256:01835e300967e5ad6fdbfc36eafe74df67ff47e16e0d6dee8766630550315903",
                "sha256:03c5554315317d76c25a15569dd52ac6047b105df71e861f24faf9675672b72d",
                "sha256:0968b368a9a9081435bfcb7a57a1e8b75c7bf038ef911b369acd2e038c7f873a",
                "sha256:1d7ab166401f7789bf11262439336c0a01b878f0d602e48f35c35d2e3a555820",
                "sha256:1e8d27bac821f8aa909904a704a67e5e8bc2e42b153415fc3621b7afbc06702b",
                "sha256:1fc9f21da9fd77088ebfd3c9941b044ca3f4a048e85f7ff5727f26bcdbffed61",
                "sha256:20196229acc193939223118c7420838749d5b0cece49cd397739a3a6ffcfe2d1",
                "sha256:2933443313289725f16bd7b99a8c3aa6a2cca1549e661d7407f056a0af80bf7b",
                "sha256:2966b155356fd231fa441131d7301e1596ee38974ad56dc57fd752fdbe2bb63f",
                "sha256:29a6fb3729215b6fcab786ef4f460a5406a5c056f7021191f70ff7712a3f6ba4",
                "sha256:35cbefa7d7bddfb4b0770a1b9ff721cd8dfe9a680947a68457974d5e3e6acc2f",
                "sha256:35ff1ac162a77fb78be360d9f771d36cbf1202e94fc6d70e284ad5db6ab72608",
                "sha256:40dd1ac7420f071e96b3e4a4a7b8e69546a6f8065ff5995dbacf53f86207eb98",
                "sha256:4bea1938e484c9caca9585105f447d6807c496c153b7244fa726b3cc4a68ec9e",
                "sha256:4e58b9f4a99bc3a90859bb006ec4422448a5ce39e5cd6e7498c56de5dcec9c34",
                "sha256:66d47e952856bfcde46d8351380d0b5b928a73112b66bc06d5367dfcc077c06a",
                "sha256:69f6aa503378548ea1e760c11aeb6fc91952bf3634fd806a38a0e47edb507fcd",
                "sha256:7033215267a0e9f60f4a5e4fb2228a932c404f237817caff8dc3115d9e7cd975",
                "sha256:7b50afd767cc053ad92fad39947c3670db27305fd1c49acded44d9d9ac8b56fd",
                "sha256:99ea9e65876546743b2b8bb5bc7adefbb03b9da78a899827467da197a48f790b",
                "sha256:abcc62303ac4d789878d4aac4cdba1bbe2adb478d67be99cd4a6d56ac3a4028f",
                "sha256:b107f9b36665bf7d7c6176a938a361a7aba16aa179d833919448f77287866484",
                "sha256:b5b27923b6c98a2616b7e906a29e4e10e1b4424aea87a0e0d5636327dc6ea315",
                "sha256:bf8eedc7bfbf63cbc9abe58287c32d78780a347835e82c23033c68f11f80bb05",
                "sha256:c144ff4954a6ea40aa603600c8be175349588fc68696092889fa34ab6e055060",
                "sha256:c4e5f96a1d0d916ce7a16decb7499e8923ddef007cf7d68412fb68767766648a",
                "sha256:c60e8b2bf754b8dcc1075c5bee0b177ed9193e7cbd2377faaf507120a948e697",
                "sha256:c82fc6cdba5737eb6ed0c926a30a5d56e7b050297375a16d6c5ad89b576fd979",
                "sha256:ce4ebe2c79411cd5671b20862831880e7850a2de699cff6626f48853fde61ae6",
                "sha256:d113c6b1239c62669ef3063693842605a3edbfebc39a333cf91ba60d314afe6d",
                "sha256:d3cea07ad16919a44e8d1ea67efa5244855cdce807d672f41694acc24d08834e",
                "sha256:d76672602db16e3f44bc1a85c7ee5f15d79e02fcf5bc9d133c2954753be6eddc",
                "sha256:decf2091b75987ca2564e3b742f9614eb7d57e39ff04eaa68af7a3fc5648f7ed",
                "sha256:e13b9007af66a3f62574bc0a13843df0e4402f5ee4b00a02aa1803f01d26b9fb",
                "sha256:e157edf4213dacafb0f862e0b7a3a18448250cec91aa1334f432f49028acc650",
                "sha256:e234ff83628ca3ab345bf97fb36ccbf6d2f1700f5e08868643bf4489edc960f8",
                "sha256:f08d9dd3ce0c5e972dc4653f0fb66d2703941e65356388c13032b578dd718261",
                "sha256:f20d7d4f1f0728560408ba6933154abccf0c20f24642a2404b43d5c23e4119ab"
            ],
            "index": "pypi",
            "version": "==1.0.1"
        },
        "rpcudp": {
            "hashes": [
                "sha256:03553998447884a79322575ca48b3dfde0853299cdf43865de169d2bfab8f5b1",
                "sha256:4dd722aea037cbc2738478effdb255d5908aa8036c646e5916b2f7df802903b5"
            ],
            "version": "==4.0.1"
        },
        "u-msgpack-python": {
            "hashes": [
                "sha256:0eb339ae27ec3085945244d17b74fd1ed875e866974d63caaa85d90fca9060a7",
                "sha256:b7e7d433cab77171a4c752875d91836f3040306bab5063fb6dbe11f64ea69551"
            ],
            "version": "==2.7.1"
        }
    },
    "develop": {
        "attrs": {
            "hashes": [
                "sha256:31b2eced602aa8423c2aea9c76a724617ed67cf9513173fd3a4f03e3a929c7e6",
                "sha256:832aa3cde19744e49938b91fea06d69ecb9e649c93ba974535d08ad92164f700"
            ],
            "version": "==20.3.0"
        },
        "importlib-metadata": {
            "hashes": [
                "sha256:6112e21359ef8f344e7178aa5b72dc6e62b38b0d008e6d3cb212c5b84df72013",
                "sha256:b0c2d3b226157ae4517d9625decf63591461c66b3a808c2666d538946519d170"
            ],
            "markers": "python_version < '3.8'",
            "version": "==3.1.1"
        },
        "more-itertools": {
            "hashes": [
                "sha256:8e1a2a43b2f2727425f2b5839587ae37093f19153dc26c0927d1048ff6557330",
                "sha256:b3a9005928e5bed54076e6e549c792b306fddfe72b2d1d22dd63d42d5d3899cf"
            ],
            "version": "==8.6.0"
        },
        "packaging": {
            "hashes": [
                "sha256:05af3bb85d320377db281cf254ab050e1a7ebcbf5410685a9a407e18a1f81236",
                "sha256:eb41423378682dadb7166144a4926e443093863024de508ca5c9737d6bc08376"
            ],
            "version": "==20.7"
        },
        "pluggy": {
            "hashes": [
                "sha256:15b2acde666561e1298d71b523007ed7364de07029219b604cf808bfa1c765b0",
                "sha256:966c145cd83c96502c3c3868f50408687b38434af77734af1e9ca461a4081d2d"
            ],
            "version": "==0.13.1"
        },
        "py": {
            "hashes": [
                "sha256:366389d1db726cd2fcfc79732e75410e5fe4d31db13692115529d34069a043c2",
                "sha256:9ca6883ce56b4e8da7e79ac18787889fa5206c79dcc67fb065376cd2fe03f342"
            ],
            "version": "==1.9.0"
        },
        "pyparsing": {
            "hashes": [
                "sha256:c203ec8783bf771a155b207279b9bccb8dea02d8f0c9e5f8ead507bc3246ecc1",
                "sha256:ef9d7589ef3c200abe66653d3f1ab1033c3c419ae9b9bdb1240a85b024efc88b"
            ],
            "version": "==2.4.7"
        },
        "pytest": {
            "hashes": [
                "sha256:0d5fe9189a148acc3c3eb2ac8e1ac0742cb7618c084f3d228baaec0c254b318d",
                "sha256:ff615c761e25eb25df19edddc0b970302d2a9091fbce0e7213298d85fb61fef6"
            ],
            "index": "pypi",
            "version": "==5.3.5"
        },
        "wcwidth": {
            "hashes": [
                "sha256:beb4802a9cebb9144e99086eff703a642a13d6a0052920003a230f3294bbe784",
                "sha256:c4d647b99872929fdb7bdcaa4fbe7f01413ed3d98077df798530e5b04f116c83"
            ],
            "version": "==0.2.5"
        },
        "zipp": {
            "hashes": [
                "sha256:102c24ef8f171fd729d46599845e95c7ab894a4cf45f5de11a44cc7444fb1108",
                "sha256:ed5eee1974372595f9e416cc7bbeeb12335201d8081ca8a0743c954d4446e5cb"
            ],
            "version": "==3.4.0"
        }
    }
}
