{
    "_meta": {
        "hash": {
            "sha256": "febe7c7f24c846a4d9d6c95bf86f52a10d7fef26e7e3ee036b0fadda1d7bc40d"
        },
        "pipfile-spec": 6,
        "requires": {
            "python_version": "3.10.12"
        },
        "sources": [
            {
                "name": "pypi",
                "url": "https://pypi.tuna.tsinghua.edu.cn/simple",
                "verify_ssl": true
            }
        ]
    },
    "default": {
        "kademlia": {
            "hashes": [
                "sha256:22928c2e92544c7223ed5905c42bfea291336851beec7de436af4ca41ac0d8eb",
                "sha256:47696d2e75d60d71eda47fe2e21a96312b0a05f850f9a6910073b5cd79494d0e"
            ],
            "index": "pypi",
            "version": "==2.2.2"
        },
        "msgpack": {
            "hashes": [
                "sha256:04366c754ac3bfecf589ea0578599f0c26a3b6558e44cc94d5078bedc67ebfb8",
                "sha256:06f5174b5f8ed0ed919da0e62cbd4ffde676a374aba4020034da05fab67b9164",
                "sha256:0a8fed756d52f8e8e45e1cb1eac83d96349d563997eed417ffd80eaac426e49e",
                "sha256:0c05a4a96585525916b109bb85f8cb6511db1c6f5b9d9cbcbc940dc6b4be944b",
                "sha256:12a5f5e5279a37909ed41dab91b20cc41d6423ddf944141e2d2cf41517f3b119",
                "sha256:137850656634abddfb88236008339fdaba3178f4751b28f270d2ebe77a563b6c",
                "sha256:13eb94148866fe4f6f93a5253bab1b12b3976c1c859b6b11f3ca7be581f20c12",
                "sha256:17358523b85973e5f242ad74aa4712b7ee560715562554aa2134d96e7aa4cbbf",
                "sha256:18334484eafc2b1aa47a6d42427da7fa8f2ab3d60b674120bce7a895a0a85bdd",
                "sha256:1835c84d65f46900920b3708f5ba829fb19b1096c1800ad60bae8418652a951d",
                "sha256:1967f6129fc50a43bfe0951c35acbb729be89a55d849fab7686004da85103f1c",
                "sha256:1ab2f3331cb1b54165976a9d976cb251a83183631c88076613c6c780f0d6e45a",
                "sha256:1c0f7c47f0087ffda62961d425e4407961a7ffd2aa004c81b9c07d9269512f6e",
                "sha256:1c19803007800ed7ff492b21dc84872ea2ef7577800c97939a50f1ecef099fb2",
                "sha256:1e600cb89997f4cda23f93b29c9ad4ae09884573ec87476d46df264b86a92cc3",
                "sha256:20a26548e6fbd0998846d51835d79e2c9a1542d11228872baec61baf87264e92",
                "sha256:20a97bf595a232c3ee6d57ddaadd5453d174a52594bf9c21d10407e2a2d9b3bd",
                "sha256:20c784e66b613c7f16f632e7b5e8a1651aa5702463d61394671ba07b2fc9e025",
                "sha256:2371e14ff3b17f5774f50602fb139e1df39ee3ca44eb3ae82683ac9b1db5e4ed",
                "sha256:266fa4202c0eb94d26822d9bfd7af25d1e2c088927fe8de9033d929dd5ba24c5",
                "sha256:28592e20bbb1620848256ebc105fc420436af59515793ed27d5c77a217477705",
                "sha256:288e32b47e67f7b171f86b030e527e302c91bd3f40fd9033483f2cacc37f327a",
                "sha256:290f9a656d34aa20cb672ee11ebd5c6647d08419c88614823562997ecb566c16",
                "sha256:2cd4e24daff07eedf168f6e7db1b2c0831bed748d8b7254053d4b2334c206ed5",
                "sha256:3055b0455e45810820db1f29d900bf39466df96ddca11dfa6d074fa47054376d",
                "sha256:318956e96edd3c02a183e96af10f471c1fa18c29add5c317871de3532302609c",
                "sha256:31b4112b43af2a78d005c9192d2a5f0cec62c6a731ca93e77a0d3979da585d9b",
                "sha256:332360ff25469c346a1c5e47cbe2a725517919892eda5cfaffe6046656f0b7bb",
                "sha256:362d9655cd369b08fda06b6657a303eb7172d5279997abe094512e919cf74b11",
                "sha256:366c9a7b9057e1547f4ad51d8facad8b406bab69c7d72c0eb6f529cf76d4b85f",
                "sha256:36961b0568c36027c76e2ae3ca1132e35123dcec0706c4b7992683cc26c1320c",
                "sha256:3729619996e9a0db56d5dc00de1d72e401aee6695d59cbfb62815a5605c66cdb",
                "sha256:379026812e49258016dd84ad79ac8446922234d498058ae1d415f04b522d5b2d",
                "sha256:382b2c77589331f2cb80b67cc058c00f225e19827dbc818d700f61513ab47bea",
                "sha256:42418455bb0aba4591f8f90ac4b783834e6cb0d880c0b92a71423bf59ccc38b9",
                "sha256:44b913a7b9a4a7726bb004aed024670682669a15f77dc2ad8d87a179d9e26e94",
                "sha256:4655afa670c7f05bb560a00640d725629c3f2d4f36267c0d3b9645bdecee9b74",
                "sha256:469c8f3d9458b0d4fc2fa691b914eced40465a95a623e87f75bc40a74e31dfea",
                "sha256:476a8fe8fae289fdf273d6d2a6cb6e35b5a58541693e8f9f019bfe990a51e4ba",
                "sha256:47d9123a621b18b4c7a63739acbb56de4f89b92b3e493cb165593474cff3c60f",
                "sha256:48296af57cdb1d885843afd73c4656be5c76c0c6328db3440c9601a98f303d87",
                "sha256:4867aa2df9e2a5fa5f76d7d5565d25ec76e84c106b55509e78c1ede0f152659a",
                "sha256:4c075728a1095efd0634a7dccb06204919a2f67d1893b6aa8e00497258bf926c",
                "sha256:4df078e1a38a26d9f8addabf0df24fcf0abc2161bb7b43b2cfdd178d8a127a12",
                "sha256:4e4d1c09fe6a3104a001e6197e46e34237f1858ca470b97a87cb7d29fdc359fe",
                "sha256:4f837b93669ce4336e24d08286c38761132bc7ab29782727f8557e1eb21b2080",
                "sha256:4f8d8b3bf1ff2672567d6b5c725a1b347fe838b912772aa8ae2bf70338d5a198",
                "sha256:512df5ec1f97ae44c3307049be05cc901b255b297aae5c88508e3058a3874270",
                "sha256:525228efd79bb831cf6830a732e2e80bc1b05436b086d4264814b4b2955b2fa9",
                "sha256:53cbf882e4b11aba6cdeec41abe576d4cc7dbf22e7a431f95d8127b32768709f",
                "sha256:5494ea30d517a3576749cad32fa27f7585c65f5f38309c88c6d137877fa28a5a",
                "sha256:556c17b6bbfeb5e31e52baa3e39d04e863dabd98b459538f73aa958bc4bc4043",
                "sha256:55b56a24893105dc52c1253649b60f475f36b3aa0fc66115bffafb624d7cb30b",
                "sha256:5629026acea9c4e2c2e684de7b313ef82e516e2e88049b3eefcc6316da43ce40",
                "sha256:56a62ec00b636583e5cb6ad313bbed36bb7ead5fa3a3e38938503142c72cba4f",
                "sha256:57e1f3528bd95cc44684beda696f74d3aaa8a5e58c816214b9046512240ef437",
                "sha256:586d0d636f9a628ddc6a17bfd45aa5b5efaf1606d2b60fa5d87b8986326e933f",
                "sha256:5cb47c21a8a65b165ce29f2bec852790cbc04936f502966768e4aae9fa763cb7",
                "sha256:5d73c893dd03129c67cb2bea65733bdf1c52cf78e51fb599b81146c1ae8a51f0",
                "sha256:61b202019a014ad3e7e5953430fe5838125196ad4fb27c15e521b22724add939",
                "sha256:631bdeacad61e2bdee929835622025131d9971bd9aed4cbad9e44a46caa42069",
                "sha256:6322b441d0ddab56ca5e79904dd2f79494d33636fdf53be0d01a23ebb56d2613",
                "sha256:669450ebc749e8ac27d07b750643e8e2ff8976ba95ebcc2e12eb00999f3cf500",
                "sha256:68726d2404250b6b3b3e63df7e2c4243d46846c630d356a8d129f4aec72ced56",
                "sha256:6c4c68d87497f66f96d50142a2b73b97972130d93677ce930718f68828b382e2",
                "sha256:6e733b50bbcedd04e82922c80e7f045530f8bd19ce004c006316eef511b623bb",
                "sha256:7d18a179e7e26da21f85e3b807f317316da28c62f4213e6864191fa9aabe482a",
                "sha256:821c7e677cc6acf0fd3f7ac664c98803827ae6de594a9f99563e48c5a2f27eb0",
                "sha256:90703d9c8eae435fcb2f84a545183a23670b5662e6e9e7ee6dfdcd8f69a373f5",
                "sha256:916723458c25dfb77ff07f4c66aed34e47503b2eb3188b3adbec8d8aa6e00f48",
                "sha256:969e6ee8f82b7ff0f831b1d3ceb84eafe9b58f5300cc024a96041c7a8c20d559",
                "sha256:9c57c6730e94801b341c87d56edbf923165dda6d000f2c1c1d5fb74f257cd802",
                "sha256:9e6ca5d5699bcd89ae605c150aee83b5321f2115695e741b99618f4856c50898",
                "sha256:9f5ae84c5c8a857ec44dc180a8b0cc08238e021f57abdf51a8182e915e6299f0",
                "sha256:a2b031c2e9b9af485d5e3c4520f4220d74f4d222a5b8dc8c1a3ab9448ca79c57",
                "sha256:a34b0dfb71eb8807cf082d59c0666715df51fc49e734c0f171df5bbb86e02570",
                "sha256:a43019ea96dc4632dc2626c76b5413e5a4e1294781e9f5241435076897140594",
                "sha256:a61215eac016f391129a013c9e46f3ab308db5f5ec9f25811e811f96962599a8",
                "sha256:a740fa0e4087a734455f0fc3abf5e746004c9da72fbd541e9b113013c8dc3282",
                "sha256:a9985b214f33311df47e274eb788a5893a761d025e2b92c723ba4c63936b69b1",
                "sha256:aa9a797de3c755e9bb47a8c6f592b4c0dbb296cee584d3cd0e36b53be0c31e80",
                "sha256:ab31e908d8424d55601ad7075e471b7d0140d4d3dd3272daf39c5c19d936bd82",
                "sha256:ac9dd47af78cae935901a9a500104e2dea2e253207c924cc95de149606dc43cc",
                "sha256:addab7e2e1fcc04bd08e4eb631c2a90960c340e40dfc4a5e24d2ff0d5a3b3edb",
                "sha256:b1d46dfe3832660f53b13b925d4e0fa1432b00f5f7210eb3ad3bb9a13c6204a6",
                "sha256:b2de4c1c0538dcb7010902a2b97f4e00fc4ddf2c8cda9749af0e594d3b7fa3d7",
                "sha256:b5ef2f015b95f912c2fcab19c36814963b5463f1fb9049846994b007962743e9",
                "sha256:b72d0698f86e8d9ddf9442bdedec15b71df3598199ba33322d9711a19f08145c",
                "sha256:bae7de2026cbfe3782c8b78b0db9cbfc5455e079f1937cb0ab8d133496ac55e1",
                "sha256:bbe299a9e7b7d24e688f1e4dac09eb5b01d8eb8eaca944aae5d8f8aef6c73c37",
                "sha256:bea6b16a3537ad712bc9b7189970bdf28c56a0cec0a0b46a9f3db3ac0a853335",
                "sha256:bf22a83f973b50f9d38e55c6aade04c41ddda19b00c4ebc558930d78eecc64ed",
                "sha256:c075544284eadc5cddc70f4757331d99dcbc16b2bbd4849d15f8aae4cf36d31c",
                "sha256:c396e2cc213d12ce017b686e0f53497f94f8ba2b24799c25d913d46c08ec422c",
                "sha256:c65fd6feb88efe81765b51ad1150b9db682794fb2ab6ddf0e77a6fb4750eca92",
                "sha256:c81463959da83fc74ff9bfba7d0a5c6d21b44e799f78c28fe57c75b300160f5d",
                "sha256:cb4a0545afb15189601c1e4e7cf82765456ef45985dc293297c854c4045afe31",
                "sha256:cb5aaa8c17760909ec6cb15e744c3ebc2ca8918e727216e79607b7bbce9c8f77",
                "sha256:cbd3af673fa93706c59e66519f6110d4a317892ddeae7a9718dde3e0e9a9a6df",
                "sha256:cdc793c50be3f01106245a61b739328f7dccc2c648b501e237f0699fe1395b81",
                "sha256:ceed735d624af7e1834db1995ad293389e66306025c7c791db2ac42e006dbd25",
                "sha256:cf7aec2bf2ff7bf7e8a07de04b593c1076f51941a28dd23d2af5b07c23f60ee9",
                "sha256:d1960d6c57e30f60c132e2649e5fefb0bd29b1b55c707c0c5ecfa7f08def82d1",
                "sha256:d25dd59bbbbb996eacf7be6b4ad082ed7eacc4e8f3d2df1ba43822da9bfa122a",
                "sha256:d6788d652256e38b19f7578eb7dd4f96de10fe20546ebf5519bef22aa18c6109",
                "sha256:d6a73d8f30e06562efc35f5f9699221eb240b18691807b32ef29bae7f66e0da1",
                "sha256:d896df74ce25ff2e0b2d5bdd0344eff01e05814cd9b168f9321bd459f476981e",
                "sha256:d98a89e53df1540f3f465a510b511e97d21e1b1777b9f5e030184e1cc68d1072",
                "sha256:da5db8a4d8b532bbe1e4aa1fabfb21f49f30ee7db49d4885c448c7a9ea032138",
                "sha256:dfdacd510bc0f73125aa3e496243ebf768f0eb6478243867607f3b247451fb6f",
                "sha256:dff7f7c68435a7b7b570b75f8c71ab986681e04767e10eefc178105c698495b1",
                "sha256:e42b9594cc3bf4d838d67d6ed62b9e59e201862a25e9a157019e171fbe672dd3",
                "sha256:e4f6a2b90746c8bca7f3742e38b8ce8fc6ad4a0b63e938c135ea0d578857aff8",
                "sha256:e57916ef1bd0fee4f21c4600e9d1da352d8816b52a599c46460e93a6e9f17086",
                "sha256:e63c6d85f23243d9ed15aaff826a2330a8be33d09b8d808602dbe8d2b596a89f",
                "sha256:e8667a1ecb0a70d612992516a9483dce35d5e452430832cca4f01899e8da6da7",
                "sha256:ed40e926fa2f297e8a653c954b732f125ef97bdd4c889f243182299de27e2aa9",
                "sha256:ef8108f8dedf204bb7b42994abf93882da1159728a2d4c5e82012edd92c9da9f",
                "sha256:f25c3553c5b7b07ecff4a3b88024477a08b568edf9566cccb662b31803649919",
                "sha256:f2c3692b13e8c26aa54a87318861d80b1b0d2adbfa3fb81b05d54a6e56083958",
                "sha256:f933bbda5a3ee63b8834179096923b094b76f0c7a73c1cfe8f07ad608c58844b",
                "sha256:f9b6d3689fac019f10091cdaf5ff95458a8ccdadfd5598bb0be92cf888feeace",
                "sha256:fb0db88c3db68a938f4f930c34570b9b5b050e43ac611bcfd8506303d0ff2d4f",
                "sha256:fe5c63197c55bce6385d9aee16c4d0641684628f63ace85f73571e65ad1c1e8d",
                "sha256:ff54f758e67d2ed70121b99f35929801a02086bfd544dfc40a9cee59a3f04c8d"
            ],
            "index": "pypi",
            "version": "==1.0.5"
        },
        "rpcudp": {
            "hashes": [
                "sha256:9a201cc1f9fd45bbab359d18135f9abdfb91760c15f6c08affca5730f5ebc37e",
                "sha256:ab7fe6741b4112e17ec19b45641a659fc0db05f1ec3f99ac2bb13df3f4be8ed9"
            ],
            "version": "==4.0.2"
        },
        "u-msgpack-python": {
            "hashes": [
                "sha256:1d853d33e78b72c4228a2025b4db28cda81214076e5b0422ed0ae1b1b2bb586a",
                "sha256:b801a83d6ed75e6df41e44518b4f2a9c221dc2da4bcd5380e3a0feda520bc61a"
            ],
            "version": "==2.8.0"
        }
    },
    "develop": {
        "exceptiongroup": {
            "hashes": [
                "sha256:12c3e887d6485d16943a309616de20ae5582633e0a2eda17f4e10fd61c1e8af5",
                "sha256:e346e69d186172ca7cf029c8c1d16235aa0e04035e5750b4b95039e65204328f"
            ],
            "markers": "python_version < '3.11'",
            "version": "==1.1.2"
        },
        "iniconfig": {
            "hashes": [
                "sha256:2d91e135bf72d31a410b17c16da610a82cb55f6b0477d1a902134b24a455b8b3",
                "sha256:b6a85871a79d2e3b22d2d1b94ac2824226a63c6b741c88f7ae975f18b6778374"
            ],
            "markers": "python_version >= '3.7'",
            "version": "==2.0.0"
        },
        "packaging": {
            "hashes": [
                "sha256:994793af429502c4ea2ebf6bf664629d07c1a9fe974af92966e4b8d2df7edc61",
                "sha256:a392980d2b6cffa644431898be54b0045151319d1e7ec34f0cfed48767dd334f"
            ],
            "markers": "python_version >= '3.7'",
            "version": "==23.1"
        },
        "pluggy": {
            "hashes": [
                "sha256:c2fd55a7d7a3863cba1a013e4e2414658b1d07b6bc57b3919e0c63c9abb99849",
                "sha256:d12f0c4b579b15f5e054301bb226ee85eeeba08ffec228092f8defbaa3a4c4b3"
            ],
            "markers": "python_version >= '3.7'",
            "version": "==1.2.0"
        },
        "pytest": {
            "hashes": [
                "sha256:78bf16451a2eb8c7a2ea98e32dc119fd2aa758f1d5d66dbf0a59d69a3969df32",
                "sha256:b4bf8c45bd59934ed84001ad51e11b4ee40d40a1229d2c79f9c592b0a3f6bd8a"
            ],
            "index": "pypi",
            "version": "==7.4.0"
        },
        "tomli": {
            "hashes": [
                "sha256:939de3e7a6161af0c887ef91b7d41a53e7c5a1ca976325f429cb46ea9bc30ecc",
                "sha256:de526c12914f0c550d15924c62d72abc48d6fe7364aa87328337a31007fe8a4f"
            ],
            "markers": "python_version < '3.11'",
            "version": "==2.0.1"
        }
    }
}
